{
  "requires": true,
  "lockfileVersion": 1,
  "dependencies": {
    "dark-mode-toggle": {
      "version": "0.9.0",
      "resolved": "https://registry.npmjs.org/dark-mode-toggle/-/dark-mode-toggle-0.9.0.tgz",
      "integrity": "sha512-e7ZZn/qr+AOvONce6qCkTCoRBPJR+4q29oH2cNoM+68XFU/ySeP8/2mCioqij2nMPfMwpopd6YvZyuaf4eCVjQ=="
    }
  }
}
